
Microsoft Visual Studio Solution File, Format Version 12.00
# Visual Studio 16
Project("{FAE04EC0-301F-11D3-BF4B-00C04F79EFBC}") = "Assembly-CSharp", "Assembly-CSharp.csproj", "{D0FD5D17-66F3-FFFA-F140-545EE880FD1A}"
EndProject
Project("{FAE04EC0-301F-11D3-BF4B-00C04F79EFBC}") = "Assembly-CSharp-Editor", "Assembly-CSharp-Editor.csproj", "{4443980F-005D-BDEA-8591-12F329320FFC}"
EndProject
Global
	GlobalSection(SolutionConfigurationPlatforms) = preSolution
		Debug|Any CPU = Debug|Any CPU
		Release|Any CPU = Release|Any CPU
	EndGlobalSection
	GlobalSection(ProjectConfigurationPlatforms) = postSolution
		{D0FD5D17-66F3-FFFA-F140-545EE880FD1A}.Debug|Any CPU.ActiveCfg = Debug|Any CPU
		{D0FD5D17-66F3-FFFA-F140-545EE880FD1A}.Debug|Any CPU.Build.0 = Debug|Any CPU
		{D0FD5D17-66F3-FFFA-F140-545EE880FD1A}.Release|Any CPU.ActiveCfg = Release|Any CPU
		{D0FD5D17-66F3-FFFA-F140-545EE880FD1A}.Release|Any CPU.Build.0 = Release|Any CPU
		{4443980F-005D-BDEA-8591-12F329320FFC}.Debug|Any CPU.ActiveCfg = Debug|Any CPU
		{4443980F-005D-BDEA-8591-12F329320FFC}.Debug|Any CPU.Build.0 = Debug|Any CPU
		{4443980F-005D-BDEA-8591-12F329320FFC}.Release|Any CPU.ActiveCfg = Release|Any CPU
		{4443980F-005D-BDEA-8591-12F329320FFC}.Release|Any CPU.Build.0 = Release|Any CPU
	EndGlobalSection
	GlobalSection(SolutionProperties) = preSolution
		HideSolutionNode = FALSE
	EndGlobalSection
EndGlobal
